// !$*UTF8*$!
{
	archiveVersion = 1;
	classes = {
	};
	objectVersion = 50;
	objects = {

/* Begin PBXBuildFile section */
		051C525825E49DAC0030FA41 /* AppDelegate.swift in Sources */ = {isa = PBXBuildFile; fileRef = 051C525725E49DAC0030FA41 /* AppDelegate.swift */; };
		051C525A25E49DAC0030FA41 /* SceneDelegate.swift in Sources */ = {isa = PBXBuildFile; fileRef = 051C525925E49DAC0030FA41 /* SceneDelegate.swift */; };
		051C525C25E49DAC0030FA41 /* ViewController.swift in Sources */ = {isa = PBXBuildFile; fileRef = 051C525B25E49DAC0030FA41 /* ViewController.swift */; };
		051C525F25E49DAC0030FA41 /* Main.storyboard in Resources */ = {isa = PBXBuildFile; fileRef = 051C525D25E49DAC0030FA41 /* Main.storyboard */; };
		051C526125E49DB20030FA41 /* Assets.xcassets in Resources */ = {isa = PBXBuildFile; fileRef = 051C526025E49DB20030FA41 /* Assets.xcassets */; };
		051C526425E49DB20030FA41 /* LaunchScreen.storyboard in Resources */ = {isa = PBXBuildFile; fileRef = 051C526225E49DB20030FA41 /* LaunchScreen.storyboard */; };
		051C526F25E49DB20030FA41 /* TestTests.swift in Sources */ = {isa = PBXBuildFile; fileRef = 051C526E25E49DB20030FA41 /* TestTests.swift */; };
		051C527A25E49DB20030FA41 /* TestUITests.swift in Sources */ = {isa = PBXBuildFile; fileRef = 051C527925E49DB20030FA41 /* TestUITests.swift */; };
/* End PBXBuildFile section */

/* Begin PBXContainerItemProxy section */
		051C526B25E49DB20030FA41 /* PBXContainerItemProxy */ = {
			isa = PBXContainerItemProxy;
			containerPortal = 051C524C25E49DAC0030FA41 /* Project object */;
			proxyType = 1;
			remoteGlobalIDString = 051C525325E49DAC0030FA41;
			remoteInfo = Test;
		};
		051C527625E49DB20030FA41 /* PBXContainerItemProxy */ = {
			isa = PBXContainerItemProxy;
			containerPortal = 051C524C25E49DAC0030FA41 /* Project object */;
			proxyType = 1;
			remoteGlobalIDString = 051C525325E49DAC0030FA41;
			remoteInfo = Test;
		};
/* End PBXContainerItemProxy section */

/* Begin PBXFileReference section */
		051C525425E49DAC0030FA41 /* Test.app */ = {isa = PBXFileReference; explicitFileType = wrapper.application; includeInIndex = 0; path = Test.app; sourceTree = BUILT_PRODUCTS_DIR; };
		051C525725E49DAC0030FA41 /* AppDelegate.swift */ = {isa = PBXFileReference; lastKnownFileType = sourcecode.swift; path = AppDelegate.swift; sourceTree = "<group>"; };
		051C525925E49DAC0030FA41 /* SceneDelegate.swift */ = {isa = PBXFileReference; lastKnownFileType = sourcecode.swift; path = SceneDelegate.swift; sourceTree = "<group>"; };
		051C525B25E49DAC0030FA41 /* ViewController.swift */ = {isa = PBXFileReference; lastKnownFileType = sourcecode.swift; path = ViewController.swift; sourceTree = "<group>"; };
		051C525E25E49DAC0030FA41 /* Base */ = {isa = PBXFileReference; lastKnownFileType = file.storyboard; name = Base; path = Base.lproj/Main.storyboard; sourceTree = "<group>"; };
		051C526025E49DB20030FA41 /* Assets.xcassets */ = {isa = PBXFileReference; lastKnownFileType = folder.assetcatalog; path = Assets.xcassets; sourceTree = "<group>"; };
		051C526325E49DB20030FA41 /* Base */ = {isa = PBXFileReference; lastKnownFileType = file.storyboard; name = Base; path = Base.lproj/LaunchScreen.storyboard; sourceTree = "<group>"; };
		051C526525E49DB20030FA41 /* Info.plist */ = {isa = PBXFileReference; lastKnownFileType = text.plist.xml; path = Info.plist; sourceTree = "<group>"; };
		051C526A25E49DB20030FA41 /* TestTests.xctest */ = {isa = PBXFileReference; explicitFileType = wrapper.cfbundle; includeInIndex = 0; path = TestTests.xctest; sourceTree = BUILT_PRODUCTS_DIR; };
		051C526E25E49DB20030FA41 /* TestTests.swift */ = {isa = PBXFileReference; lastKnownFileType = sourcecode.swift; path = TestTests.swift; sourceTree = "<group>"; };
		051C527025E49DB20030FA41 /* Info.plist */ = {isa = PBXFileReference; lastKnownFileType = text.plist.xml; path = Info.plist; sourceTree = "<group>"; };
		051C527525E49DB20030FA41 /* TestUITests.xctest */ = {isa = PBXFileReference; explicitFileType = wrapper.cfbundle; includeInIndex = 0; path = TestUITests.xctest; sourceTree = BUILT_PRODUCTS_DIR; };
		051C527925E49DB20030FA41 /* TestUITests.swift */ = {isa = PBXFileReference; lastKnownFileType = sourcecode.swift; path = TestUITests.swift; sourceTree = "<group>"; };
		051C527B25E49DB20030FA41 /* Info.plist */ = {isa = PBXFileReference; lastKnownFileType = text.plist.xml; path = Info.plist; sourceTree = "<group>"; };
/* End PBXFileReference section */

/* Begin PBXFrameworksBuildPhase section */
		051C525125E49DAC0030FA41 /* Frameworks */ = {
			isa = PBXFrameworksBuildPhase;
			buildActionMask = 2147483647;
			files = (
			);
			runOnlyForDeploymentPostprocessing = 0;
		};
		051C526725E49DB20030FA41 /* Frameworks */ = {
			isa = PBXFrameworksBuildPhase;
			buildActionMask = 2147483647;
			files = (
			);
			runOnlyForDeploymentPostprocessing = 0;
		};
		051C527225E49DB20030FA41 /* Frameworks */ = {
			isa = PBXFrameworksBuildPhase;
			buildActionMask = 2147483647;
			files = (
			);
			runOnlyForDeploymentPostprocessing = 0;
		};
/* End PBXFrameworksBuildPhase section */

/* Begin PBXGroup section */
		051C524B25E49DAC0030FA41 = {
			isa = PBXGroup;
			children = (
				051C525625E49DAC0030FA41 /* Test */,
				051C526D25E49DB20030FA41 /* TestTests */,
				051C527825E49DB20030FA41 /* TestUITests */,
				051C525525E49DAC0030FA41 /* Products */,
			);
			sourceTree = "<group>";
		};
		051C525525E49DAC0030FA41 /* Products */ = {
			isa = PBXGroup;
			children = (
				051C525425E49DAC0030FA41 /* Test.app */,
				051C526A25E49DB20030FA41 /* TestTests.xctest */,
				051C527525E49DB20030FA41 /* TestUITests.xctest */,
			);
			name = Products;
			sourceTree = "<group>";
		};
		051C525625E49DAC0030FA41 /* Test */ = {
			isa = PBXGroup;
			children = (
				051C525725E49DAC0030FA41 /* AppDelegate.swift */,
				051C525925E49DAC0030FA41 /* SceneDelegate.swift */,
				051C525B25E49DAC0030FA41 /* ViewController.swift */,
				051C525D25E49DAC0030FA41 /* Main.storyboard */,
				051C526025E49DB20030FA41 /* Assets.xcassets */,
				051C526225E49DB20030FA41 /* LaunchScreen.storyboard */,
				051C526525E49DB20030FA41 /* Info.plist */,
			);
			path = Test;
			sourceTree = "<group>";
		};
		051C526D25E49DB20030FA41 /* TestTests */ = {
			isa = PBXGroup;
			children = (
				051C526E25E49DB20030FA41 /* TestTests.swift */,
				051C527025E49DB20030FA41 /* Info.plist */,
			);
			path = TestTests;
			sourceTree = "<group>";
		};
		051C527825E49DB20030FA41 /* TestUITests */ = {
			isa = PBXGroup;
			children = (
				051C527925E49DB20030FA41 /* TestUITests.swift */,
				051C527B25E49DB20030FA41 /* Info.plist */,
			);
			path = TestUITests;
			sourceTree = "<group>";
		};
/* End PBXGroup section */

/* Begin PBXNativeTarget section */
		051C525325E49DAC0030FA41 /* Test */ = {
			isa = PBXNativeTarget;
			buildConfigurationList = 051C527E25E49DB20030FA41 /* Build configuration list for PBXNativeTarget "Test" */;
			buildPhases = (
				051C525025E49DAC0030FA41 /* Sources */,
				051C525125E49DAC0030FA41 /* Frameworks */,
				051C525225E49DAC0030FA41 /* Resources */,
			);
			buildRules = (
			);
			dependencies = (
			);
			name = Test;
			productName = Test;
			productReference = 051C525425E49DAC0030FA41 /* Test.app */;
			productType = "com.apple.product-type.application";
		};
		051C526925E49DB20030FA41 /* TestTests */ = {
			isa = PBXNativeTarget;
			buildConfigurationList = 051C528125E49DB20030FA41 /* Build configuration list for PBXNativeTarget "TestTests" */;
			buildPhases = (
				051C526625E49DB20030FA41 /* Sources */,
				051C526725E49DB20030FA41 /* Frameworks */,
				051C526825E49DB20030FA41 /* Resources */,
			);
			buildRules = (
			);
			dependencies = (
				051C526C25E49DB20030FA41 /* PBXTargetDependency */,
			);
			name = TestTests;
			productName = TestTests;
			productReference = 051C526A25E49DB20030FA41 /* TestTests.xctest */;
			productType = "com.apple.product-type.bundle.unit-test";
		};
		051C527425E49DB20030FA41 /* TestUITests */ = {
			isa = PBXNativeTarget;
			buildConfigurationList = 051C528425E49DB20030FA41 /* Build configuration list for PBXNativeTarget "TestUITests" */;
			buildPhases = (
				051C527125E49DB20030FA41 /* Sources */,
				051C527225E49DB20030FA41 /* Frameworks */,
				051C527325E49DB20030FA41 /* Resources */,
			);
			buildRules = (
			);
			dependencies = (
				051C527725E49DB20030FA41 /* PBXTargetDependency */,
			);
			name = TestUITests;
			productName = TestUITests;
			productReference = 051C527525E49DB20030FA41 /* TestUITests.xctest */;
			productType = "com.apple.product-type.bundle.ui-testing";
		};
/* End PBXNativeTarget section */

/* Begin PBXProject section */
		051C524C25E49DAC0030FA41 /* Project object */ = {
			isa = PBXProject;
			attributes = {
				LastSwiftUpdateCheck = 1240;
				LastUpgradeCheck = 1240;
				TargetAttributes = {
					051C525325E49DAC0030FA41 = {
						CreatedOnToolsVersion = 12.4;
					};
					051C526925E49DB20030FA41 = {
						CreatedOnToolsVersion = 12.4;
						TestTargetID = 051C525325E49DAC0030FA41;
					};
					051C527425E49DB20030FA41 = {
						CreatedOnToolsVersion = 12.4;
						TestTargetID = 051C525325E49DAC0030FA41;
					};
				};
			};
			buildConfigurationList = 051C524F25E49DAC0030FA41 /* Build configuration list for PBXProject "Test" */;
			compatibilityVersion = "Xcode 9.3";
			developmentRegion = en;
			hasScannedForEncodings = 0;
			knownRegions = (
				en,
				Base,
			);
			mainGroup = 051C524B25E49DAC0030FA41;
			productRefGroup = 051C525525E49DAC0030FA41 /* Products */;
			projectDirPath = "";
			projectRoot = "";
			targets = (
				051C525325E49DAC0030FA41 /* Test */,
				051C526925E49DB20030FA41 /* TestTests */,
				051C527425E49DB20030FA41 /* TestUITests */,
			);
		};
/* End PBXProject section */

/* Begin PBXResourcesBuildPhase section */
		051C525225E49DAC0030FA41 /* Resources */ = {
			isa = PBXResourcesBuildPhase;
			buildActionMask = 2147483647;
			files = (
				051C526425E49DB20030FA41 /* LaunchScreen.storyboard in Resources */,
				051C526125E49DB20030FA41 /* Assets.xcassets in Resources */,
				051C525F25E49DAC0030FA41 /* Main.storyboard in Resources */,
			);
			runOnlyForDeploymentPostprocessing = 0;
		};
		051C526825E49DB20030FA41 /* Resources */ = {
			isa = PBXResourcesBuildPhase;
			buildActionMask = 2147483647;
			files = (
			);
			runOnlyForDeploymentPostprocessing = 0;
		};
		051C527325E49DB20030FA41 /* Resources */ = {
			isa = PBXResourcesBuildPhase;
			buildActionMask = 2147483647;
			files = (
			);
			runOnlyForDeploymentPostprocessing = 0;
		};
/* End PBXResourcesBuildPhase section */

/* Begin PBXSourcesBuildPhase section */
		051C525025E49DAC0030FA41 /* Sources */ = {
			isa = PBXSourcesBuildPhase;
			buildActionMask = 2147483647;
			files = (
				051C525C25E49DAC0030FA41 /* ViewController.swift in Sources */,
				051C525825E49DAC0030FA41 /* AppDelegate.swift in Sources */,
				051C525A25E49DAC0030FA41 /* SceneDelegate.swift in Sources */,
			);
			runOnlyForDeploymentPostprocessing = 0;
		};
		051C526625E49DB20030FA41 /* Sources */ = {
			isa = PBXSourcesBuildPhase;
			buildActionMask = 2147483647;
			files = (
				051C526F25E49DB20030FA41 /* TestTests.swift in Sources */,
			);
			runOnlyForDeploymentPostprocessing = 0;
		};
		051C527125E49DB20030FA41 /* Sources */ = {
			isa = PBXSourcesBuildPhase;
			buildActionMask = 2147483647;
			files = (
				051C527A25E49DB20030FA41 /* TestUITests.swift in Sources */,
			);
			runOnlyForDeploymentPostprocessing = 0;
		};
/* End PBXSourcesBuildPhase section */

/* Begin PBXTargetDependency section */
		051C526C25E49DB20030FA41 /* PBXTargetDependency */ = {
			isa = PBXTargetDependency;
			target = 051C525325E49DAC0030FA41 /* Test */;
			targetProxy = 051C526B25E49DB20030FA41 /* PBXContainerItemProxy */;
		};
		051C527725E49DB20030FA41 /* PBXTargetDependency */ = {
			isa = PBXTargetDependency;
			target = 051C525325E49DAC0030FA41 /* Test */;
			targetProxy = 051C527625E49DB20030FA41 /* PBXContainerItemProxy */;
		};
/* End PBXTargetDependency section */

/* Begin PBXVariantGroup section */
		051C525D25E49DAC0030FA41 /* Main.storyboard */ = {
			isa = PBXVariantGroup;
			children = (
				051C525E25E49DAC0030FA41 /* Base */,
			);
			name = Main.storyboard;
			sourceTree = "<group>";
		};
		051C526225E49DB20030FA41 /* LaunchScreen.storyboard */ = {
			isa = PBXVariantGroup;
			children = (
				051C526325E49DB20030FA41 /* Base */,
			);
			name = LaunchScreen.storyboard;
			sourceTree = "<group>";
		};
/* End PBXVariantGroup section */

/* Begin XCBuildConfiguration section */
		051C527C25E49DB20030FA41 /* Debug */ = {
			isa = XCBuildConfiguration;
			buildSettings = {
				ALWAYS_SEARCH_USER_PATHS = NO;
				CLANG_ANALYZER_NONNULL = YES;
				CLANG_ANALYZER_NUMBER_OBJECT_CONVERSION = YES_AGGRESSIVE;
				CLANG_CXX_LANGUAGE_STANDARD = "gnu++14";
				CLANG_CXX_LIBRARY = "libc++";
				CLANG_ENABLE_MODULES = YES;
				CLANG_ENABLE_OBJC_ARC = YES;
				CLANG_ENABLE_OBJC_WEAK = YES;
				CLANG_WARN_BLOCK_CAPTURE_AUTORELEASING = YES;
				CLANG_WARN_BOOL_CONVERSION = YES;
				CLANG_WARN_COMMA = YES;
				CLANG_WARN_CONSTANT_CONVERSION = YES;
				CLANG_WARN_DEPRECATED_OBJC_IMPLEMENTATIONS = YES;
				CLANG_WARN_DIRECT_OBJC_ISA_USAGE = YES_ERROR;
				CLANG_WARN_DOCUMENTATION_COMMENTS = YES;
				CLANG_WARN_EMPTY_BODY = YES;
				CLANG_WARN_ENUM_CONVERSION = YES;
				CLANG_WARN_INFINITE_RECURSION = YES;
				CLANG_WARN_INT_CONVERSION = YES;
				CLANG_WARN_NON_LITERAL_NULL_CONVERSION = YES;
				CLANG_WARN_OBJC_IMPLICIT_RETAIN_SELF = YES;
				CLANG_WARN_OBJC_LITERAL_CONVERSION = YES;
				CLANG_WARN_OBJC_ROOT_CLASS = YES_ERROR;
				CLANG_WARN_QUOTED_INCLUDE_IN_FRAMEWORK_HEADER = YES;
				CLANG_WARN_RANGE_LOOP_ANALYSIS = YES;
				CLANG_WARN_STRICT_PROTOTYPES = YES;
				CLANG_WARN_SUSPICIOUS_MOVE = YES;
				CLANG_WARN_UNGUARDED_AVAILABILITY = YES_AGGRESSIVE;
				CLANG_WARN_UNREACHABLE_CODE = YES;
				CLANG_WARN__DUPLICATE_METHOD_MATCH = YES;
				COPY_PHASE_STRIP = NO;
				DEBUG_INFORMATION_FORMAT = dwarf;
				ENABLE_STRICT_OBJC_MSGSEND = YES;
				ENABLE_TESTABILITY = YES;
				GCC_C_LANGUAGE_STANDARD = gnu11;
				GCC_DYNAMIC_NO_PIC = NO;
				GCC_NO_COMMON_BLOCKS = YES;
				GCC_OPTIMIZATION_LEVEL = 0;
				GCC_PREPROCESSOR_DEFINITIONS = (
					"DEBUG=1",
					"$(inherited)",
				);
				GCC_WARN_64_TO_32_BIT_CONVERSION = YES;
				GCC_WARN_ABOUT_RETURN_TYPE = YES_ERROR;
				GCC_WARN_UNDECLARED_SELECTOR = YES;
				GCC_WARN_UNINITIALIZED_AUTOS = YES_AGGRESSIVE;
				GCC_WARN_UNUSED_FUNCTION = YES;
				GCC_WARN_UNUSED_VARIABLE = YES;
				IPHONEOS_DEPLOYMENT_TARGET = 14.4;
				MTL_ENABLE_DEBUG_INFO = INCLUDE_SOURCE;
				MTL_FAST_MATH = YES;
				ONLY_ACTIVE_ARCH = YES;
				SDKROOT = iphoneos;
				SWIFT_ACTIVE_COMPILATION_CONDITIONS = DEBUG;
				SWIFT_OPTIMIZATION_LEVEL = "-Onone";
			};
			name = Debug;
		};
		051C527D25E49DB20030FA41 /* Release */ = {
			isa = XCBuildConfiguration;
			buildSettings = {
				ALWAYS_SEARCH_USER_PATHS = NO;
				CLANG_ANALYZER_NONNULL = YES;
				CLANG_ANALYZER_NUMBER_OBJECT_CONVERSION = YES_AGGRESSIVE;
				CLANG_CXX_LANGUAGE_STANDARD = "gnu++14";
				CLANG_CXX_LIBRARY = "libc++";
				CLANG_ENABLE_MODULES = YES;
				CLANG_ENABLE_OBJC_ARC = YES;
				CLANG_ENABLE_OBJC_WEAK = YES;
				CLANG_WARN_BLOCK_CAPTURE_AUTORELEASING = YES;
				CLANG_WARN_BOOL_CONVERSION = YES;
				CLANG_WARN_COMMA = YES;
				CLANG_WARN_CONSTANT_CONVERSION = YES;
				CLANG_WARN_DEPRECATED_OBJC_IMPLEMENTATIONS = YES;
				CLANG_WARN_DIRECT_OBJC_ISA_USAGE = YES_ERROR;
				CLANG_WARN_DOCUMENTATION_COMMENTS = YES;
				CLANG_WARN_EMPTY_BODY = YES;
				CLANG_WARN_ENUM_CONVERSION = YES;
				CLANG_WARN_INFINITE_RECURSION = YES;
				CLANG_WARN_INT_CONVERSION = YES;
				CLANG_WARN_NON_LITERAL_NULL_CONVERSION = YES;
				CLANG_WARN_OBJC_IMPLICIT_RETAIN_SELF = YES;
				CLANG_WARN_OBJC_LITERAL_CONVERSION = YES;
				CLANG_WARN_OBJC_ROOT_CLASS = YES_ERROR;
				CLANG_WARN_QUOTED_INCLUDE_IN_FRAMEWORK_HEADER = YES;
				CLANG_WARN_RANGE_LOOP_ANALYSIS = YES;
				CLANG_WARN_STRICT_PROTOTYPES = YES;
				CLANG_WARN_SUSPICIOUS_MOVE = YES;
				CLANG_WARN_UNGUARDED_AVAILABILITY = YES_AGGRESSIVE;
				CLANG_WARN_UNREACHABLE_CODE = YES;
				CLANG_WARN__DUPLICATE_METHOD_MATCH = YES;
				COPY_PHASE_STRIP = NO;
				DEBUG_INFORMATION_FORMAT = "dwarf-with-dsym";
				ENABLE_NS_ASSERTIONS = NO;
				ENABLE_STRICT_OBJC_MSGSEND = YES;
				GCC_C_LANGUAGE_STANDARD = gnu11;
				GCC_NO_COMMON_BLOCKS = YES;
				GCC_WARN_64_TO_32_BIT_CONVERSION = YES;
				GCC_WARN_ABOUT_RETURN_TYPE = YES_ERROR;
				GCC_WARN_UNDECLARED_SELECTOR = YES;
				GCC_WARN_UNINITIALIZED_AUTOS = YES_AGGRESSIVE;
				GCC_WARN_UNUSED_FUNCTION = YES;
				GCC_WARN_UNUSED_VARIABLE = YES;
				IPHONEOS_DEPLOYMENT_TARGET = 14.4;
				MTL_ENABLE_DEBUG_INFO = NO;
				MTL_FAST_MATH = YES;
				SDKROOT = iphoneos;
				SWIFT_COMPILATION_MODE = wholemodule;
				SWIFT_OPTIMIZATION_LEVEL = "-O";
				VALIDATE_PRODUCT = YES;
			};
			name = Release;
		};
		051C527F25E49DB20030FA41 /* Debug */ = {
			isa = XCBuildConfiguration;
			buildSettings = {
				ASSETCATALOG_COMPILER_APPICON_NAME = AppIcon;
				ASSETCATALOG_COMPILER_GLOBAL_ACCENT_COLOR_NAME = AccentColor;
				CODE_SIGN_STYLE = Automatic;
				DEVELOPMENT_TEAM = D866HY4WYT;
				INFOPLIST_FILE = Test/Info.plist;
				LD_RUNPATH_SEARCH_PATHS = (
					"$(inherited)",
					"@executable_path/Frameworks",
				);
				PRODUCT_BUNDLE_IDENTIFIER = com.myapp.Test;
				PRODUCT_NAME = "$(TARGET_NAME)";
				SWIFT_VERSION = 5.0;
				TARGETED_DEVICE_FAMILY = "1,2";
			};
			name = Debug;
		};
		051C528025E49DB20030FA41 /* Release */ = {
			isa = XCBuildConfiguration;
			buildSettings = {
				ASSETCATALOG_COMPILER_APPICON_NAME = AppIcon;
				ASSETCATALOG_COMPILER_GLOBAL_ACCENT_COLOR_NAME = AccentColor;
				CODE_SIGN_STYLE = Automatic;
				DEVELOPMENT_TEAM = D866HY4WYT;
				INFOPLIST_FILE = Test/Info.plist;
				LD_RUNPATH_SEARCH_PATHS = (
					"$(inherited)",
					"@executable_path/Frameworks",
				);
				PRODUCT_BUNDLE_IDENTIFIER = com.myapp.Test;
				PRODUCT_NAME = "$(TARGET_NAME)";
				SWIFT_VERSION = 5.0;
				TARGETED_DEVICE_FAMILY = "1,2";
			};
			name = Release;
		};
		051C528225E49DB20030FA41 /* Debug */ = {
			isa = XCBuildConfiguration;
			buildSettings = {
				ALWAYS_EMBED_SWIFT_STANDARD_LIBRARIES = YES;
				BUNDLE_LOADER = "$(TEST_HOST)";
				CODE_SIGN_STYLE = Automatic;
				DEVELOPMENT_TEAM = D866HY4WYT;
				INFOPLIST_FILE = TestTests/Info.plist;
				IPHONEOS_DEPLOYMENT_TARGET = 14.4;
				LD_RUNPATH_SEARCH_PATHS = (
					"$(inherited)",
					"@executable_path/Frameworks",
					"@loader_path/Frameworks",
				);
				PRODUCT_BUNDLE_IDENTIFIER = com.myapp.TestTests;
				PRODUCT_NAME = "$(TARGET_NAME)";
				SWIFT_VERSION = 5.0;
				TARGETED_DEVICE_FAMILY = "1,2";
				TEST_HOST = "$(BUILT_PRODUCTS_DIR)/Test.app/Test";
			};
			name = Debug;
		};
		051C528325E49DB20030FA41 /* Release */ = {
			isa = XCBuildConfiguration;
			buildSettings = {
				ALWAYS_EMBED_SWIFT_STANDARD_LIBRARIES = YES;
				BUNDLE_LOADER = "$(TEST_HOST)";
				CODE_SIGN_STYLE = Automatic;
				DEVELOPMENT_TEAM = D866HY4WYT;
				INFOPLIST_FILE = TestTests/Info.plist;
				IPHONEOS_DEPLOYMENT_TARGET = 14.4;
				LD_RUNPATH_SEARCH_PATHS = (
					"$(inherited)",
					"@executable_path/Frameworks",
					"@loader_path/Frameworks",
				);
				PRODUCT_BUNDLE_IDENTIFIER = com.myapp.TestTests;
				PRODUCT_NAME = "$(TARGET_NAME)";
				SWIFT_VERSION = 5.0;
				TARGETED_DEVICE_FAMILY = "1,2";
				TEST_HOST = "$(BUILT_PRODUCTS_DIR)/Test.app/Test";
			};
			name = Release;
		};
		051C528525E49DB20030FA41 /* Debug */ = {
			isa = XCBuildConfiguration;
			buildSettings = {
				ALWAYS_EMBED_SWIFT_STANDARD_LIBRARIES = YES;
				CODE_SIGN_STYLE = Automatic;
				DEVELOPMENT_TEAM = D866HY4WYT;
				INFOPLIST_FILE = TestUITests/Info.plist;
				LD_RUNPATH_SEARCH_PATHS = (
					"$(inherited)",
					"@executable_path/Frameworks",
					"@loader_path/Frameworks",
				);
				PRODUCT_BUNDLE_IDENTIFIER = com.myapp.TestUITests;
				PRODUCT_NAME = "$(TARGET_NAME)";
				SWIFT_VERSION = 5.0;
				TARGETED_DEVICE_FAMILY = "1,2";
				TEST_TARGET_NAME = Test;
			};
			name = Debug;
		};
		051C528625E49DB20030FA41 /* Release */ = {
			isa = XCBuildConfiguration;
			buildSettings = {
				ALWAYS_EMBED_SWIFT_STANDARD_LIBRARIES = YES;
				CODE_SIGN_STYLE = Automatic;
				DEVELOPMENT_TEAM = D866HY4WYT;
				INFOPLIST_FILE = TestUITests/Info.plist;
				LD_RUNPATH_SEARCH_PATHS = (
					"$(inherited)",
					"@executable_path/Frameworks",
					"@loader_path/Frameworks",
				);
				PRODUCT_BUNDLE_IDENTIFIER = com.myapp.TestUITests;
				PRODUCT_NAME = "$(TARGET_NAME)";
				SWIFT_VERSION = 5.0;
				TARGETED_DEVICE_FAMILY = "1,2";
				TEST_TARGET_NAME = Test;
			};
			name = Release;
		};
/* End XCBuildConfiguration section */

/* Begin XCConfigurationList section */
		051C524F25E49DAC0030FA41 /* Build configuration list for PBXProject "Test" */ = {
			isa = XCConfigurationList;
			buildConfigurations = (
				051C527C25E49DB20030FA41 /* Debug */,
				051C527D25E49DB20030FA41 /* Release */,
			);
			defaultConfigurationIsVisible = 0;
			defaultConfigurationName = Release;
		};
		051C527E25E49DB20030FA41 /* Build configuration list for PBXNativeTarget "Test" */ = {
			isa = XCConfigurationList;
			buildConfigurations = (
				051C527F25E49DB20030FA41 /* Debug */,
				051C528025E49DB20030FA41 /* Release */,
			);
			defaultConfigurationIsVisible = 0;
			defaultConfigurationName = Release;
		};
		051C528125E49DB20030FA41 /* Build configuration list for PBXNativeTarget "TestTests" */ = {
			isa = XCConfigurationList;
			buildConfigurations = (
				051C528225E49DB20030FA41 /* Debug */,
				051C528325E49DB20030FA41 /* Release */,
			);
			defaultConfigurationIsVisible = 0;
			defaultConfigurationName = Release;
		};
		051C528425E49DB20030FA41 /* Build configuration list for PBXNativeTarget "TestUITests" */ = {
			isa = XCConfigurationList;
			buildConfigurations = (
				051C528525E49DB20030FA41 /* Debug */,
				051C528625E49DB20030FA41 /* Release */,
			);
			defaultConfigurationIsVisible = 0;
			defaultConfigurationName = Release;
		};
/* End XCConfigurationList section */
	};
	rootObject = 051C524C25E49DAC0030FA41 /* Project object */;
}
